
Microsoft Visual Studio Solution File, Format Version 12.00
# Visual Studio Version 17
VisualStudioVersion = 17.8.34316.72
MinimumVisualStudioVersion = 10.0.40219.1
Project("{FAE04EC0-301F-11D3-BF4B-00C04F79EFBC}") = "UserProduct.Api", "API\UserProduct.Api.csproj", "{CCAA1725-9F9F-4665-8941-8A1308EBDFBD}"
EndProject
Project("{FAE04EC0-301F-11D3-BF4B-00C04F79EFBC}") = "UserProduct.Core", "Core\UserProduct.Core.csproj", "{28FCD08A-A12A-46A7-AF4C-434919040052}"
EndProject
Project("{FAE04EC0-301F-11D3-BF4B-00C04F79EFBC}") = "UserProduct.Domain", "UserProduct.Domain\UserProduct.Domain.csproj", "{FB1E82B2-A63B-49CC-8177-185D1A511E03}"
EndProject
Project("{FAE04EC0-301F-11D3-BF4B-00C04F79EFBC}") = "UserProduct.Data", "UserProduct.Data\UserProduct.Data.csproj", "{7E6691D1-648A-443F-A7DB-4C9B4CFE5BF5}"
EndProject
Project("{FAE04EC0-301F-11D3-BF4B-00C04F79EFBC}") = "UserProduct.Infrastructure", "UserProduct.Infrastructure\UserProduct.Infrastructure.csproj", "{CF5F572A-9EB4-4730-9D67-E87F20244411}"
EndProject
Global
	GlobalSection(SolutionConfigurationPlatforms) = preSolution
		Debug|Any CPU = Debug|Any CPU
		Release|Any CPU = Release|Any CPU
	EndGlobalSection
	GlobalSection(ProjectConfigurationPlatforms) = postSolution
		{CCAA1725-9F9F-4665-8941-8A1308EBDFBD}.Debug|Any CPU.ActiveCfg = Debug|Any CPU
		{CCAA1725-9F9F-4665-8941-8A1308EBDFBD}.Debug|Any CPU.Build.0 = Debug|Any CPU
		{CCAA1725-9F9F-4665-8941-8A1308EBDFBD}.Release|Any CPU.ActiveCfg = Release|Any CPU
		{CCAA1725-9F9F-4665-8941-8A1308EBDFBD}.Release|Any CPU.Build.0 = Release|Any CPU
		{28FCD08A-A12A-46A7-AF4C-434919040052}.Debug|Any CPU.ActiveCfg = Debug|Any CPU
		{28FCD08A-A12A-46A7-AF4C-434919040052}.Debug|Any CPU.Build.0 = Debug|Any CPU
		{28FCD08A-A12A-46A7-AF4C-434919040052}.Release|Any CPU.ActiveCfg = Release|Any CPU
		{28FCD08A-A12A-46A7-AF4C-434919040052}.Release|Any CPU.Build.0 = Release|Any CPU
		{FB1E82B2-A63B-49CC-8177-185D1A511E03}.Debug|Any CPU.ActiveCfg = Debug|Any CPU
		{FB1E82B2-A63B-49CC-8177-185D1A511E03}.Debug|Any CPU.Build.0 = Debug|Any CPU
		{FB1E82B2-A63B-49CC-8177-185D1A511E03}.Release|Any CPU.ActiveCfg = Release|Any CPU
		{FB1E82B2-A63B-49CC-8177-185D1A511E03}.Release|Any CPU.Build.0 = Release|Any CPU
		{7E6691D1-648A-443F-A7DB-4C9B4CFE5BF5}.Debug|Any CPU.ActiveCfg = Debug|Any CPU
		{7E6691D1-648A-443F-A7DB-4C9B4CFE5BF5}.Debug|Any CPU.Build.0 = Debug|Any CPU
		{7E6691D1-648A-443F-A7DB-4C9B4CFE5BF5}.Release|Any CPU.ActiveCfg = Release|Any CPU
		{7E6691D1-648A-443F-A7DB-4C9B4CFE5BF5}.Release|Any CPU.Build.0 = Release|Any CPU
		{CF5F572A-9EB4-4730-9D67-E87F20244411}.Debug|Any CPU.ActiveCfg = Debug|Any CPU
		{CF5F572A-9EB4-4730-9D67-E87F20244411}.Debug|Any CPU.Build.0 = Debug|Any CPU
		{CF5F572A-9EB4-4730-9D67-E87F20244411}.Release|Any CPU.ActiveCfg = Release|Any CPU
		{CF5F572A-9EB4-4730-9D67-E87F20244411}.Release|Any CPU.Build.0 = Release|Any CPU
	EndGlobalSection
	GlobalSection(SolutionProperties) = preSolution
		HideSolutionNode = FALSE
	EndGlobalSection
	GlobalSection(ExtensibilityGlobals) = postSolution
		SolutionGuid = {0A3732FF-E525-4B07-A6B2-BA8E731C4323}
	EndGlobalSection
EndGlobal
